// !$*UTF8*$!
{
	archiveVersion = 1;
	classes = {
	};
	objectVersion = 46;
	objects = {

/* Begin PBXBuildFile section */
		5A1046131BD151CE0064D896 /* IDPObject.c in Sources */ = {isa = PBXBuildFile; fileRef = 5A1046111BD151CE0064D896 /* IDPObject.c */; };
		5A1046171BD15D3A0064D896 /* IDPObjectTests.c in Sources */ = {isa = PBXBuildFile; fileRef = 5A1046151BD15D3A0064D896 /* IDPObjectTests.c */; };
		5A20317E1BFA3E2F006FC2C8 /* main.m in Sources */ = {isa = PBXBuildFile; fileRef = 5A20317D1BFA3E2F006FC2C8 /* main.m */; };
		5A2031851BFA41A4006FC2C8 /* IDPSyntax.m in Sources */ = {isa = PBXBuildFile; fileRef = 5A2031841BFA41A4006FC2C8 /* IDPSyntax.m */; };
		5A2D6BAD1BA729290056D643 /* main.c in Sources */ = {isa = PBXBuildFile; fileRef = 5A2D6BAC1BA729290056D643 /* main.c */; };
		5A6369581BBDA3D8008BC375 /* IDPBirdObject.c in Sources */ = {isa = PBXBuildFile; fileRef = 5A6369561BBDA3D8008BC375 /* IDPBirdObject.c */; };
		5A9405341BB30F4A0078C6AA /* IDPStructExample.c in Sources */ = {isa = PBXBuildFile; fileRef = 5A9405321BB30F4A0078C6AA /* IDPStructExample.c */; };
		5AEFE0761BFBA3E800683C01 /* IDPSampleObject.m in Sources */ = {isa = PBXBuildFile; fileRef = 5AEFE0751BFBA3E800683C01 /* IDPSampleObject.m */; };
/* End PBXBuildFile section */

/* Begin PBXCopyFilesBuildPhase section */
		5A2031791BFA3E2F006FC2C8 /* CopyFiles */ = {
			isa = PBXCopyFilesBuildPhase;
			buildActionMask = 2147483647;
			dstPath = /usr/share/man/man1/;
			dstSubfolderSpec = 0;
			files = (
			);
			runOnlyForDeploymentPostprocessing = 1;
		};
		5A2D6BA71BA729290056D643 /* CopyFiles */ = {
			isa = PBXCopyFilesBuildPhase;
			buildActionMask = 2147483647;
			dstPath = /usr/share/man/man1/;
			dstSubfolderSpec = 0;
			files = (
			);
			runOnlyForDeploymentPostprocessing = 1;
		};
/* End PBXCopyFilesBuildPhase section */

/* Begin PBXFileReference section */
		5A1046111BD151CE0064D896 /* IDPObject.c */ = {isa = PBXFileReference; fileEncoding = 4; lastKnownFileType = sourcecode.c.c; path = IDPObject.c; sourceTree = "<group>"; };
		5A1046121BD151CE0064D896 /* IDPObject.h */ = {isa = PBXFileReference; fileEncoding = 4; lastKnownFileType = sourcecode.c.h; path = IDPObject.h; sourceTree = "<group>"; };
		5A1046151BD15D3A0064D896 /* IDPObjectTests.c */ = {isa = PBXFileReference; fileEncoding = 4; lastKnownFileType = sourcecode.c.c; path = IDPObjectTests.c; sourceTree = "<group>"; };
		5A1046161BD15D3A0064D896 /* IDPObjectTests.h */ = {isa = PBXFileReference; fileEncoding = 4; lastKnownFileType = sourcecode.c.h; path = IDPObjectTests.h; sourceTree = "<group>"; };
		5A20317B1BFA3E2F006FC2C8 /* ObjectiveC */ = {isa = PBXFileReference; explicitFileType = "compiled.mach-o.executable"; includeInIndex = 0; path = ObjectiveC; sourceTree = BUILT_PRODUCTS_DIR; };
		5A20317D1BFA3E2F006FC2C8 /* main.m */ = {isa = PBXFileReference; lastKnownFileType = sourcecode.c.objc; path = main.m; sourceTree = "<group>"; };
		5A2031831BFA41A4006FC2C8 /* IDPSyntax.h */ = {isa = PBXFileReference; fileEncoding = 4; lastKnownFileType = sourcecode.c.h; path = IDPSyntax.h; sourceTree = "<group>"; };
		5A2031841BFA41A4006FC2C8 /* IDPSyntax.m */ = {isa = PBXFileReference; fileEncoding = 4; lastKnownFileType = sourcecode.c.objc; path = IDPSyntax.m; sourceTree = "<group>"; };
		5A2D6BA91BA729290056D643 /* IDPSeptemberGroupCode */ = {isa = PBXFileReference; explicitFileType = "compiled.mach-o.executable"; includeInIndex = 0; path = IDPSeptemberGroupCode; sourceTree = BUILT_PRODUCTS_DIR; };
		5A2D6BAC1BA729290056D643 /* main.c */ = {isa = PBXFileReference; lastKnownFileType = sourcecode.c.c; path = main.c; sourceTree = "<group>"; };
		5A2D6BB31BA72E8B0056D643 /* IDPMacros.h */ = {isa = PBXFileReference; lastKnownFileType = sourcecode.c.h; path = IDPMacros.h; sourceTree = "<group>"; };
		5A6369561BBDA3D8008BC375 /* IDPBirdObject.c */ = {isa = PBXFileReference; fileEncoding = 4; lastKnownFileType = sourcecode.c.c; path = IDPBirdObject.c; sourceTree = "<group>"; };
		5A6369571BBDA3D8008BC375 /* IDPBirdObject.h */ = {isa = PBXFileReference; fileEncoding = 4; lastKnownFileType = sourcecode.c.h; path = IDPBirdObject.h; sourceTree = "<group>"; };
		5A9405301BB30C5E0078C6AA /* IDPStudyPlan */ = {isa = PBXFileReference; lastKnownFileType = text; path = IDPStudyPlan; sourceTree = "<group>"; };
		5A9405321BB30F4A0078C6AA /* IDPStructExample.c */ = {isa = PBXFileReference; fileEncoding = 4; lastKnownFileType = sourcecode.c.c; path = IDPStructExample.c; sourceTree = "<group>"; };
		5A9405331BB30F4A0078C6AA /* IDPStructExample.h */ = {isa = PBXFileReference; fileEncoding = 4; lastKnownFileType = sourcecode.c.h; path = IDPStructExample.h; sourceTree = "<group>"; };
		5AEFE0741BFBA3E800683C01 /* IDPSampleObject.h */ = {isa = PBXFileReference; fileEncoding = 4; lastKnownFileType = sourcecode.c.h; path = IDPSampleObject.h; sourceTree = "<group>"; };
		5AEFE0751BFBA3E800683C01 /* IDPSampleObject.m */ = {isa = PBXFileReference; fileEncoding = 4; lastKnownFileType = sourcecode.c.objc; path = IDPSampleObject.m; sourceTree = "<group>"; };
/* End PBXFileReference section */

/* Begin PBXFrameworksBuildPhase section */
		5A2031781BFA3E2F006FC2C8 /* Frameworks */ = {
			isa = PBXFrameworksBuildPhase;
			buildActionMask = 2147483647;
			files = (
			);
			runOnlyForDeploymentPostprocessing = 0;
		};
		5A2D6BA61BA729290056D643 /* Frameworks */ = {
			isa = PBXFrameworksBuildPhase;
			buildActionMask = 2147483647;
			files = (
			);
			runOnlyForDeploymentPostprocessing = 0;
		};
/* End PBXFrameworksBuildPhase section */

/* Begin PBXGroup section */
		5A1046101BD151B20064D896 /* IDPObject */ = {
			isa = PBXGroup;
			children = (
				5A1046111BD151CE0064D896 /* IDPObject.c */,
				5A1046121BD151CE0064D896 /* IDPObject.h */,
			);
			path = IDPObject;
			sourceTree = "<group>";
		};
		5A1046141BD15CF10064D896 /* Tests */ = {
			isa = PBXGroup;
			children = (
				5A1046151BD15D3A0064D896 /* IDPObjectTests.c */,
				5A1046161BD15D3A0064D896 /* IDPObjectTests.h */,
			);
			path = Tests;
			sourceTree = "<group>";
		};
		5A20317C1BFA3E2F006FC2C8 /* ObjectiveC */ = {
			isa = PBXGroup;
			children = (
				5AEFE0731BFBA3C100683C01 /* IDPSampleObject */,
				5A2031821BFA4160006FC2C8 /* ObjCSyntax */,
				5A20317D1BFA3E2F006FC2C8 /* main.m */,
			);
			path = ObjectiveC;
			sourceTree = "<group>";
		};
		5A2031821BFA4160006FC2C8 /* ObjCSyntax */ = {
			isa = PBXGroup;
			children = (
				5A2031831BFA41A4006FC2C8 /* IDPSyntax.h */,
				5A2031841BFA41A4006FC2C8 /* IDPSyntax.m */,
			);
			path = ObjCSyntax;
			sourceTree = "<group>";
		};
		5A2D6BA01BA729290056D643 = {
			isa = PBXGroup;
			children = (
				5A2D6BAB1BA729290056D643 /* IDPSeptemberGroupCode */,
				5A20317C1BFA3E2F006FC2C8 /* ObjectiveC */,
				5A2D6BAA1BA729290056D643 /* Products */,
				5A9405301BB30C5E0078C6AA /* IDPStudyPlan */,
			);
			sourceTree = "<group>";
		};
		5A2D6BAA1BA729290056D643 /* Products */ = {
			isa = PBXGroup;
			children = (
				5A2D6BA91BA729290056D643 /* IDPSeptemberGroupCode */,
				5A20317B1BFA3E2F006FC2C8 /* ObjectiveC */,
			);
			name = Products;
			sourceTree = "<group>";
		};
		5A2D6BAB1BA729290056D643 /* IDPSeptemberGroupCode */ = {
			isa = PBXGroup;
			children = (
				5A1046141BD15CF10064D896 /* Tests */,
				5A1046101BD151B20064D896 /* IDPObject */,
				5A6369551BBDA395008BC375 /* IDPBirdObject */,
				5A9405311BB30F210078C6AA /* IDPStructExample */,
				5A2D6BAC1BA729290056D643 /* main.c */,
				5A2D6BB31BA72E8B0056D643 /* IDPMacros.h */,
			);
			path = IDPSeptemberGroupCode;
			sourceTree = "<group>";
		};
		5A6369551BBDA395008BC375 /* IDPBirdObject */ = {
			isa = PBXGroup;
			children = (
				5A6369561BBDA3D8008BC375 /* IDPBirdObject.c */,
				5A6369571BBDA3D8008BC375 /* IDPBirdObject.h */,
			);
			path = IDPBirdObject;
			sourceTree = "<group>";
		};
		5A9405311BB30F210078C6AA /* IDPStructExample */ = {
			isa = PBXGroup;
			children = (
				5A9405321BB30F4A0078C6AA /* IDPStructExample.c */,
				5A9405331BB30F4A0078C6AA /* IDPStructExample.h */,
			);
			path = IDPStructExample;
			sourceTree = "<group>";
		};
		5AEFE0731BFBA3C100683C01 /* IDPSampleObject */ = {
			isa = PBXGroup;
			children = (
				5AEFE0741BFBA3E800683C01 /* IDPSampleObject.h */,
				5AEFE0751BFBA3E800683C01 /* IDPSampleObject.m */,
			);
			path = IDPSampleObject;
			sourceTree = "<group>";
		};
/* End PBXGroup section */

/* Begin PBXNativeTarget section */
		5A20317A1BFA3E2F006FC2C8 /* ObjectiveC */ = {
			isa = PBXNativeTarget;
			buildConfigurationList = 5A2031811BFA3E2F006FC2C8 /* Build configuration list for PBXNativeTarget "ObjectiveC" */;
			buildPhases = (
				5A2031771BFA3E2F006FC2C8 /* Sources */,
				5A2031781BFA3E2F006FC2C8 /* Frameworks */,
				5A2031791BFA3E2F006FC2C8 /* CopyFiles */,
			);
			buildRules = (
			);
			dependencies = (
			);
			name = ObjectiveC;
			productName = ObjectiveC;
			productReference = 5A20317B1BFA3E2F006FC2C8 /* ObjectiveC */;
			productType = "com.apple.product-type.tool";
		};
		5A2D6BA81BA729290056D643 /* IDPSeptemberGroupCode */ = {
			isa = PBXNativeTarget;
			buildConfigurationList = 5A2D6BB01BA729290056D643 /* Build configuration list for PBXNativeTarget "IDPSeptemberGroupCode" */;
			buildPhases = (
				5A2D6BA51BA729290056D643 /* Sources */,
				5A2D6BA61BA729290056D643 /* Frameworks */,
				5A2D6BA71BA729290056D643 /* CopyFiles */,
			);
			buildRules = (
			);
			dependencies = (
			);
			name = IDPSeptemberGroupCode;
			productName = IDPSeptemberGroupCode;
			productReference = 5A2D6BA91BA729290056D643 /* IDPSeptemberGroupCode */;
			productType = "com.apple.product-type.tool";
		};
/* End PBXNativeTarget section */

/* Begin PBXProject section */
		5A2D6BA11BA729290056D643 /* Project object */ = {
			isa = PBXProject;
			attributes = {
				CLASSPREFIX = IDP;
				LastUpgradeCheck = 0630;
				ORGANIZATIONNAME = "IDAP College";
				TargetAttributes = {
					5A20317A1BFA3E2F006FC2C8 = {
						CreatedOnToolsVersion = 6.3.1;
					};
					5A2D6BA81BA729290056D643 = {
						CreatedOnToolsVersion = 6.3.1;
					};
				};
			};
			buildConfigurationList = 5A2D6BA41BA729290056D643 /* Build configuration list for PBXProject "IDPSeptemberGroupCode" */;
			compatibilityVersion = "Xcode 3.2";
			developmentRegion = English;
			hasScannedForEncodings = 0;
			knownRegions = (
				en,
			);
			mainGroup = 5A2D6BA01BA729290056D643;
			productRefGroup = 5A2D6BAA1BA729290056D643 /* Products */;
			projectDirPath = "";
			projectRoot = "";
			targets = (
				5A2D6BA81BA729290056D643 /* IDPSeptemberGroupCode */,
				5A20317A1BFA3E2F006FC2C8 /* ObjectiveC */,
			);
		};
/* End PBXProject section */

/* Begin PBXSourcesBuildPhase section */
		5A2031771BFA3E2F006FC2C8 /* Sources */ = {
			isa = PBXSourcesBuildPhase;
			buildActionMask = 2147483647;
			files = (
				5A2031851BFA41A4006FC2C8 /* IDPSyntax.m in Sources */,
				5AEFE0761BFBA3E800683C01 /* IDPSampleObject.m in Sources */,
				5A20317E1BFA3E2F006FC2C8 /* main.m in Sources */,
			);
			runOnlyForDeploymentPostprocessing = 0;
		};
		5A2D6BA51BA729290056D643 /* Sources */ = {
			isa = PBXSourcesBuildPhase;
			buildActionMask = 2147483647;
			files = (
				5A1046131BD151CE0064D896 /* IDPObject.c in Sources */,
				5A2D6BAD1BA729290056D643 /* main.c in Sources */,
				5A1046171BD15D3A0064D896 /* IDPObjectTests.c in Sources */,
				5A6369581BBDA3D8008BC375 /* IDPBirdObject.c in Sources */,
				5A9405341BB30F4A0078C6AA /* IDPStructExample.c in Sources */,
			);
			runOnlyForDeploymentPostprocessing = 0;
		};
/* End PBXSourcesBuildPhase section */

/* Begin XCBuildConfiguration section */
		5A20317F1BFA3E2F006FC2C8 /* Debug */ = {
			isa = XCBuildConfiguration;
			buildSettings = {
				CLANG_ENABLE_OBJC_ARC = NO;
				ENABLE_STRICT_OBJC_MSGSEND = YES;
				GCC_PREPROCESSOR_DEFINITIONS = (
					"DEBUG=1",
					"$(inherited)",
				);
				PRODUCT_NAME = "$(TARGET_NAME)";
			};
			name = Debug;
		};
		5A2031801BFA3E2F006FC2C8 /* Release */ = {
			isa = XCBuildConfiguration;
			buildSettings = {
				CLANG_ENABLE_OBJC_ARC = NO;
				ENABLE_STRICT_OBJC_MSGSEND = YES;
				PRODUCT_NAME = "$(TARGET_NAME)";
			};
			name = Release;
		};
		5A2D6BAE1BA729290056D643 /* Debug */ = {
			isa = XCBuildConfiguration;
			buildSettings = {
				ALWAYS_SEARCH_USER_PATHS = NO;
				CLANG_CXX_LANGUAGE_STANDARD = "gnu++0x";
				CLANG_CXX_LIBRARY = "libc++";
				CLANG_ENABLE_MODULES = YES;
				CLANG_ENABLE_OBJC_ARC = YES;
				CLANG_WARN_BOOL_CONVERSION = YES;
				CLANG_WARN_CONSTANT_CONVERSION = YES;
				CLANG_WARN_DIRECT_OBJC_ISA_USAGE = YES_ERROR;
				CLANG_WARN_EMPTY_BODY = YES;
				CLANG_WARN_ENUM_CONVERSION = YES;
				CLANG_WARN_INT_CONVERSION = YES;
				CLANG_WARN_OBJC_ROOT_CLASS = YES_ERROR;
				CLANG_WARN_UNREACHABLE_CODE = YES;
				CLANG_WARN__DUPLICATE_METHOD_MATCH = YES;
				COPY_PHASE_STRIP = NO;
				DEBUG_INFORMATION_FORMAT = dwarf;
				ENABLE_STRICT_OBJC_MSGSEND = YES;
				GCC_C_LANGUAGE_STANDARD = gnu99;
				GCC_DYNAMIC_NO_PIC = NO;
				GCC_NO_COMMON_BLOCKS = YES;
				GCC_OPTIMIZATION_LEVEL = 0;
				GCC_PREPROCESSOR_DEFINITIONS = (
					"DEBUG=1",
					"$(inherited)",
				);
				GCC_SYMBOLS_PRIVATE_EXTERN = NO;
				GCC_WARN_64_TO_32_BIT_CONVERSION = YES;
				GCC_WARN_ABOUT_RETURN_TYPE = YES_ERROR;
				GCC_WARN_UNDECLARED_SELECTOR = YES;
				GCC_WARN_UNINITIALIZED_AUTOS = YES_AGGRESSIVE;
				GCC_WARN_UNUSED_FUNCTION = YES;
				GCC_WARN_UNUSED_VARIABLE = YES;
				MACOSX_DEPLOYMENT_TARGET = 10.10;
				MTL_ENABLE_DEBUG_INFO = YES;
				ONLY_ACTIVE_ARCH = YES;
				SDKROOT = macosx;
			};
			name = Debug;
		};
		5A2D6BAF1BA729290056D643 /* Release */ = {
			isa = XCBuildConfiguration;
			buildSettings = {
				ALWAYS_SEARCH_USER_PATHS = NO;
				CLANG_CXX_LANGUAGE_STANDARD = "gnu++0x";
				CLANG_CXX_LIBRARY = "libc++";
				CLANG_ENABLE_MODULES = YES;
				CLANG_ENABLE_OBJC_ARC = YES;
				CLANG_WARN_BOOL_CONVERSION = YES;
				CLANG_WARN_CONSTANT_CONVERSION = YES;
				CLANG_WARN_DIRECT_OBJC_ISA_USAGE = YES_ERROR;
				CLANG_WARN_EMPTY_BODY = YES;
				CLANG_WARN_ENUM_CONVERSION = YES;
				CLANG_WARN_INT_CONVERSION = YES;
				CLANG_WARN_OBJC_ROOT_CLASS = YES_ERROR;
				CLANG_WARN_UNREACHABLE_CODE = YES;
				CLANG_WARN__DUPLICATE_METHOD_MATCH = YES;
				COPY_PHASE_STRIP = NO;
				DEBUG_INFORMATION_FORMAT = "dwarf-with-dsym";
				ENABLE_NS_ASSERTIONS = NO;
				ENABLE_STRICT_OBJC_MSGSEND = YES;
				GCC_C_LANGUAGE_STANDARD = gnu99;
				GCC_NO_COMMON_BLOCKS = YES;
				GCC_WARN_64_TO_32_BIT_CONVERSION = YES;
				GCC_WARN_ABOUT_RETURN_TYPE = YES_ERROR;
				GCC_WARN_UNDECLARED_SELECTOR = YES;
				GCC_WARN_UNINITIALIZED_AUTOS = YES_AGGRESSIVE;
				GCC_WARN_UNUSED_FUNCTION = YES;
				GCC_WARN_UNUSED_VARIABLE = YES;
				MACOSX_DEPLOYMENT_TARGET = 10.10;
				MTL_ENABLE_DEBUG_INFO = NO;
				SDKROOT = macosx;
			};
			name = Release;
		};
		5A2D6BB11BA729290056D643 /* Debug */ = {
			isa = XCBuildConfiguration;
			buildSettings = {
				PRODUCT_NAME = "$(TARGET_NAME)";
			};
			name = Debug;
		};
		5A2D6BB21BA729290056D643 /* Release */ = {
			isa = XCBuildConfiguration;
			buildSettings = {
				PRODUCT_NAME = "$(TARGET_NAME)";
			};
			name = Release;
		};
/* End XCBuildConfiguration section */

/* Begin XCConfigurationList section */
		5A2031811BFA3E2F006FC2C8 /* Build configuration list for PBXNativeTarget "ObjectiveC" */ = {
			isa = XCConfigurationList;
			buildConfigurations = (
				5A20317F1BFA3E2F006FC2C8 /* Debug */,
				5A2031801BFA3E2F006FC2C8 /* Release */,
			);
			defaultConfigurationIsVisible = 0;
			defaultConfigurationName = Release;
		};
		5A2D6BA41BA729290056D643 /* Build configuration list for PBXProject "IDPSeptemberGroupCode" */ = {
			isa = XCConfigurationList;
			buildConfigurations = (
				5A2D6BAE1BA729290056D643 /* Debug */,
				5A2D6BAF1BA729290056D643 /* Release */,
			);
			defaultConfigurationIsVisible = 0;
			defaultConfigurationName = Release;
		};
		5A2D6BB01BA729290056D643 /* Build configuration list for PBXNativeTarget "IDPSeptemberGroupCode" */ = {
			isa = XCConfigurationList;
			buildConfigurations = (
				5A2D6BB11BA729290056D643 /* Debug */,
				5A2D6BB21BA729290056D643 /* Release */,
			);
			defaultConfigurationIsVisible = 0;
			defaultConfigurationName = Release;
		};
/* End XCConfigurationList section */
	};
	rootObject = 5A2D6BA11BA729290056D643 /* Project object */;
}
